
Microsoft Visual Studio Solution File, Format Version 12.00
# Visual Studio Version 16
VisualStudioVersion = 16.0.29709.97
MinimumVisualStudioVersion = 10.0.40219.1
Project("{FAE04EC0-301F-11D3-BF4B-00C04F79EFBC}") = "OOP Assignement 2", "OOP Assignement 2.csproj", "{EC675B8E-7130-42EC-A499-666D79E74768}"
EndProject
Global
	GlobalSection(SolutionConfigurationPlatforms) = preSolution
		Debug|Any CPU = Debug|Any CPU
		Release|Any CPU = Release|Any CPU
	EndGlobalSection
	GlobalSection(ProjectConfigurationPlatforms) = postSolution
		{EC675B8E-7130-42EC-A499-666D79E74768}.Debug|Any CPU.ActiveCfg = Debug|Any CPU
		{EC675B8E-7130-42EC-A499-666D79E74768}.Debug|Any CPU.Build.0 = Debug|Any CPU
		{EC675B8E-7130-42EC-A499-666D79E74768}.Release|Any CPU.ActiveCfg = Release|Any CPU
		{EC675B8E-7130-42EC-A499-666D79E74768}.Release|Any CPU.Build.0 = Release|Any CPU
	EndGlobalSection
	GlobalSection(SolutionProperties) = preSolution
		HideSolutionNode = FALSE
	EndGlobalSection
	GlobalSection(ExtensibilityGlobals) = postSolution
		SolutionGuid = {EC2BB2BA-56C4-4A0C-BFCB-D3BE45F2DE79}
	EndGlobalSection
EndGlobal
